
Microsoft Visual Studio Solution File, Format Version 12.00
Project("{FAE04EC0-301F-11D3-BF4B-00C04F79EFBC}") = "ConsoleApp1", "ConsoleApp1\ConsoleApp1.csproj", "{6812A61B-AD5F-4639-9294-182955385870}"
EndProject
Project("{FAE04EC0-301F-11D3-BF4B-00C04F79EFBC}") = "ConsoleApp1.Tests", "ConsoleApp1.Tests\ConsoleApp1.Tests.csproj", "{0E11426B-0C6A-4374-B617-6DD055722715}"
EndProject
Global
	GlobalSection(SolutionConfigurationPlatforms) = preSolution
		Debug|Any CPU = Debug|Any CPU
		Release|Any CPU = Release|Any CPU
	EndGlobalSection
	GlobalSection(ProjectConfigurationPlatforms) = postSolution
		{6812A61B-AD5F-4639-9294-182955385870}.Debug|Any CPU.ActiveCfg = Debug|Any CPU
		{6812A61B-AD5F-4639-9294-182955385870}.Debug|Any CPU.Build.0 = Debug|Any CPU
		{6812A61B-AD5F-4639-9294-182955385870}.Release|Any CPU.ActiveCfg = Release|Any CPU
		{6812A61B-AD5F-4639-9294-182955385870}.Release|Any CPU.Build.0 = Release|Any CPU
		{0E11426B-0C6A-4374-B617-6DD055722715}.Debug|Any CPU.ActiveCfg = Debug|Any CPU
		{0E11426B-0C6A-4374-B617-6DD055722715}.Debug|Any CPU.Build.0 = Debug|Any CPU
		{0E11426B-0C6A-4374-B617-6DD055722715}.Release|Any CPU.ActiveCfg = Release|Any CPU
		{0E11426B-0C6A-4374-B617-6DD055722715}.Release|Any CPU.Build.0 = Release|Any CPU
	EndGlobalSection
EndGlobal
